PODS:
  - FBSnapshotTestCase (2.1.4):
    - FBSnapshotTestCase/SwiftSupport (= 2.1.4)
  - FBSnapshotTestCase/Core (2.1.4)
  - FBSnapshotTestCase/SwiftSupport (2.1.4):
    - FBSnapshotTestCase/Core
  - Firebase/CoreOnly (5.6.0):
    - FirebaseCore (= 5.1.1)
  - Firebase/Storage (5.6.0):
    - Firebase/CoreOnly
    - FirebaseStorage (= 3.0.0)
  - FirebaseCore (5.1.1):
    - GoogleUtilities/Logger (~> 5.2)
  - FirebaseStorage (3.0.0):
    - FirebaseCore (~> 5.0)
    - GTMSessionFetcher/Core (~> 1.1)
  - GoogleUtilities/Environment (5.2.2)
  - GoogleUtilities/Logger (5.2.2):
    - GoogleUtilities/Environment
  - GTMSessionFetcher/Core (1.2.0)
  - ImageStore (0.4.2):
    - Firebase/Storage (~> 5.0)
  - iOSSnapshotTestCase (3.0.0):
    - iOSSnapshotTestCase/SwiftSupport (= 3.0.0)
  - iOSSnapshotTestCase/Core (3.0.0)
  - iOSSnapshotTestCase/SwiftSupport (3.0.0):
    - iOSSnapshotTestCase/Core
  - Nimble (7.1.3)
  - Nimble-Snapshots (6.7.1):
    - Nimble-Snapshots/Core (= 6.7.1)
  - Nimble-Snapshots/Core (6.7.1):
    - iOSSnapshotTestCase (~> 3.0)
    - Nimble (~> 7.0)
  - Quick (1.0.0)

DEPENDENCIES:
  - FBSnapshotTestCase
  - ImageStore (from `../`)
  - Nimble
  - Nimble-Snapshots
  - Quick (~> 1.0.0)

EXTERNAL SOURCES:
  ImageStore:
    :path: ../

SPEC CHECKSUMS:
  FBSnapshotTestCase: 094f9f314decbabe373b87cc339bea235a63e07a
  Firebase: 75ea9e232eefa158c1049028030b8f661a2ccb62
  FirebaseCore: cb9ee75e0894def766167c95a4d5a14b1c138269
  FirebaseStorage: 7ca4bb7b58a25fa647b04f524033fc7cb7eb272b
  GoogleUtilities: 06b66f9567769a7958db20a92f0128b2843e49d5
  GTMSessionFetcher: 0c4baf0a73acd0041bf9f71ea018deedab5ea84e
  ImageStore: 61646cc7a455063ff148e73fbb7a0c36fde36317
  iOSSnapshotTestCase: 23984ffe05289728d646cbb6a7a10b4fb1c93440
  Nimble: 2839b01d1b31f6a6a7777a221f0d91cf52e8e27b
  Nimble-Snapshots: 7ab1d5fd4a794b983805c6f6b8091fb00d772754
  Quick: 8024e4a47e6cc03a9d5245ef0948264fc6d27cff

PODFILE CHECKSUM: ada343efa260c7a3e16b4d5ee0e82e632014c30d

COCOAPODS: 1.4.0
